// !$*UTF8*$!
{
	archiveVersion = 1;
	classes = {
	};
	objectVersion = 46;
	objects = {

/* Begin PBXBuildFile section */
		574CF9371F14AB2200121F23 /* AppDelegate.swift in Sources */ = {isa = PBXBuildFile; fileRef = 574CF9361F14AB2200121F23 /* AppDelegate.swift */; };
		574CF9391F14AB2200121F23 /* ViewController.swift in Sources */ = {isa = PBXBuildFile; fileRef = 574CF9381F14AB2200121F23 /* ViewController.swift */; };
		574CF93C1F14AB2200121F23 /* Main.storyboard in Resources */ = {isa = PBXBuildFile; fileRef = 574CF93A1F14AB2200121F23 /* Main.storyboard */; };
		574CF93E1F14AB2200121F23 /* Assets.xcassets in Resources */ = {isa = PBXBuildFile; fileRef = 574CF93D1F14AB2200121F23 /* Assets.xcassets */; };
		574CF9411F14AB2200121F23 /* LaunchScreen.storyboard in Resources */ = {isa = PBXBuildFile; fileRef = 574CF93F1F14AB2200121F23 /* LaunchScreen.storyboard */; };
		574CF94A1F14ABCB00121F23 /* AntResource.swift in Sources */ = {isa = PBXBuildFile; fileRef = 574CF9491F14ABCB00121F23 /* AntResource.swift */; };
		574CF94C1F14ABDE00121F23 /* AntDownloader.swift in Sources */ = {isa = PBXBuildFile; fileRef = 574CF94B1F14ABDE00121F23 /* AntDownloader.swift */; };
/* End PBXBuildFile section */

/* Begin PBXFileReference section */
		574CF9331F14AB2200121F23 /* AntExample.app */ = {isa = PBXFileReference; explicitFileType = wrapper.application; includeInIndex = 0; path = AntExample.app; sourceTree = BUILT_PRODUCTS_DIR; };
		574CF9361F14AB2200121F23 /* AppDelegate.swift */ = {isa = PBXFileReference; lastKnownFileType = sourcecode.swift; path = AppDelegate.swift; sourceTree = "<group>"; };
		574CF9381F14AB2200121F23 /* ViewController.swift */ = {isa = PBXFileReference; lastKnownFileType = sourcecode.swift; path = ViewController.swift; sourceTree = "<group>"; };
		574CF93B1F14AB2200121F23 /* Base */ = {isa = PBXFileReference; lastKnownFileType = file.storyboard; name = Base; path = Base.lproj/Main.storyboard; sourceTree = "<group>"; };
		574CF93D1F14AB2200121F23 /* Assets.xcassets */ = {isa = PBXFileReference; lastKnownFileType = folder.assetcatalog; path = Assets.xcassets; sourceTree = "<group>"; };
		574CF9401F14AB2200121F23 /* Base */ = {isa = PBXFileReference; lastKnownFileType = file.storyboard; name = Base; path = Base.lproj/LaunchScreen.storyboard; sourceTree = "<group>"; };
		574CF9421F14AB2200121F23 /* Info.plist */ = {isa = PBXFileReference; lastKnownFileType = text.plist.xml; path = Info.plist; sourceTree = "<group>"; };
		574CF9491F14ABCB00121F23 /* AntResource.swift */ = {isa = PBXFileReference; fileEncoding = 4; lastKnownFileType = sourcecode.swift; path = AntResource.swift; sourceTree = "<group>"; };
		574CF94B1F14ABDE00121F23 /* AntDownloader.swift */ = {isa = PBXFileReference; fileEncoding = 4; lastKnownFileType = sourcecode.swift; path = AntDownloader.swift; sourceTree = "<group>"; };
/* End PBXFileReference section */

/* Begin PBXFrameworksBuildPhase section */
		574CF9301F14AB2200121F23 /* Frameworks */ = {
			isa = PBXFrameworksBuildPhase;
			buildActionMask = 2147483647;
			files = (
			);
			runOnlyForDeploymentPostprocessing = 0;
		};
/* End PBXFrameworksBuildPhase section */

/* Begin PBXGroup section */
		574CF92A1F14AB2200121F23 = {
			isa = PBXGroup;
			children = (
				574CF9481F14AB9400121F23 /* Ant */,
				574CF9351F14AB2200121F23 /* AntExample */,
				574CF9341F14AB2200121F23 /* Products */,
			);
			sourceTree = "<group>";
		};
		574CF9341F14AB2200121F23 /* Products */ = {
			isa = PBXGroup;
			children = (
				574CF9331F14AB2200121F23 /* AntExample.app */,
			);
			name = Products;
			sourceTree = "<group>";
		};
		574CF9351F14AB2200121F23 /* AntExample */ = {
			isa = PBXGroup;
			children = (
				574CF9361F14AB2200121F23 /* AppDelegate.swift */,
				574CF9381F14AB2200121F23 /* ViewController.swift */,
				574CF93A1F14AB2200121F23 /* Main.storyboard */,
				574CF93D1F14AB2200121F23 /* Assets.xcassets */,
				574CF93F1F14AB2200121F23 /* LaunchScreen.storyboard */,
				574CF9421F14AB2200121F23 /* Info.plist */,
			);
			path = AntExample;
			sourceTree = "<group>";
		};
		574CF9481F14AB9400121F23 /* Ant */ = {
			isa = PBXGroup;
			children = (
				574CF9491F14ABCB00121F23 /* AntResource.swift */,
				574CF94B1F14ABDE00121F23 /* AntDownloader.swift */,
			);
			path = Ant;
			sourceTree = "<group>";
		};
/* End PBXGroup section */

/* Begin PBXNativeTarget section */
		574CF9321F14AB2200121F23 /* AntExample */ = {
			isa = PBXNativeTarget;
			buildConfigurationList = 574CF9451F14AB2200121F23 /* Build configuration list for PBXNativeTarget "AntExample" */;
			buildPhases = (
				574CF92F1F14AB2200121F23 /* Sources */,
				574CF9301F14AB2200121F23 /* Frameworks */,
				574CF9311F14AB2200121F23 /* Resources */,
			);
			buildRules = (
			);
			dependencies = (
			);
			name = AntExample;
			productName = AntExample;
			productReference = 574CF9331F14AB2200121F23 /* AntExample.app */;
			productType = "com.apple.product-type.application";
		};
/* End PBXNativeTarget section */

/* Begin PBXProject section */
		574CF92B1F14AB2200121F23 /* Project object */ = {
			isa = PBXProject;
			attributes = {
				LastSwiftUpdateCheck = 0830;
				LastUpgradeCheck = 0830;
				ORGANIZATIONNAME = Pluto;
				TargetAttributes = {
					574CF9321F14AB2200121F23 = {
						CreatedOnToolsVersion = 8.3.3;
						ProvisioningStyle = Automatic;
					};
				};
			};
			buildConfigurationList = 574CF92E1F14AB2200121F23 /* Build configuration list for PBXProject "AntExample" */;
			compatibilityVersion = "Xcode 3.2";
			developmentRegion = English;
			hasScannedForEncodings = 0;
			knownRegions = (
				en,
				Base,
			);
			mainGroup = 574CF92A1F14AB2200121F23;
			productRefGroup = 574CF9341F14AB2200121F23 /* Products */;
			projectDirPath = "";
			projectRoot = "";
			targets = (
				574CF9321F14AB2200121F23 /* AntExample */,
			);
		};
/* End PBXProject section */

/* Begin PBXResourcesBuildPhase section */
		574CF9311F14AB2200121F23 /* Resources */ = {
			isa = PBXResourcesBuildPhase;
			buildActionMask = 2147483647;
			files = (
				574CF9411F14AB2200121F23 /* LaunchScreen.storyboard in Resources */,
				574CF93E1F14AB2200121F23 /* Assets.xcassets in Resources */,
				574CF93C1F14AB2200121F23 /* Main.storyboard in Resources */,
			);
			runOnlyForDeploymentPostprocessing = 0;
		};
/* End PBXResourcesBuildPhase section */

/* Begin PBXSourcesBuildPhase section */
		574CF92F1F14AB2200121F23 /* Sources */ = {
			isa = PBXSourcesBuildPhase;
			buildActionMask = 2147483647;
			files = (
				574CF94C1F14ABDE00121F23 /* AntDownloader.swift in Sources */,
				574CF94A1F14ABCB00121F23 /* AntResource.swift in Sources */,
				574CF9391F14AB2200121F23 /* ViewController.swift in Sources */,
				574CF9371F14AB2200121F23 /* AppDelegate.swift in Sources */,
			);
			runOnlyForDeploymentPostprocessing = 0;
		};
/* End PBXSourcesBuildPhase section */

/* Begin PBXVariantGroup section */
		574CF93A1F14AB2200121F23 /* Main.storyboard */ = {
			isa = PBXVariantGroup;
			children = (
				574CF93B1F14AB2200121F23 /* Base */,
			);
			name = Main.storyboard;
			sourceTree = "<group>";
		};
		574CF93F1F14AB2200121F23 /* LaunchScreen.storyboard */ = {
			isa = PBXVariantGroup;
			children = (
				574CF9401F14AB2200121F23 /* Base */,
			);
			name = LaunchScreen.storyboard;
			sourceTree = "<group>";
		};
/* End PBXVariantGroup section */

/* Begin XCBuildConfiguration section */
		574CF9431F14AB2200121F23 /* Debug */ = {
			isa = XCBuildConfiguration;
			buildSettings = {
				ALWAYS_SEARCH_USER_PATHS = NO;
				CLANG_ANALYZER_NONNULL = YES;
				CLANG_ANALYZER_NUMBER_OBJECT_CONVERSION = YES_AGGRESSIVE;
				CLANG_CXX_LANGUAGE_STANDARD = "gnu++0x";
				CLANG_CXX_LIBRARY = "libc++";
				CLANG_ENABLE_MODULES = YES;
				CLANG_ENABLE_OBJC_ARC = YES;
				CLANG_WARN_BOOL_CONVERSION = YES;
				CLANG_WARN_CONSTANT_CONVERSION = YES;
				CLANG_WARN_DIRECT_OBJC_ISA_USAGE = YES_ERROR;
				CLANG_WARN_DOCUMENTATION_COMMENTS = YES;
				CLANG_WARN_EMPTY_BODY = YES;
				CLANG_WARN_ENUM_CONVERSION = YES;
				CLANG_WARN_INFINITE_RECURSION = YES;
				CLANG_WARN_INT_CONVERSION = YES;
				CLANG_WARN_OBJC_ROOT_CLASS = YES_ERROR;
				CLANG_WARN_SUSPICIOUS_MOVE = YES;
				CLANG_WARN_UNREACHABLE_CODE = YES;
				CLANG_WARN__DUPLICATE_METHOD_MATCH = YES;
				"CODE_SIGN_IDENTITY[sdk=iphoneos*]" = "iPhone Developer";
				COPY_PHASE_STRIP = NO;
				DEBUG_INFORMATION_FORMAT = dwarf;
				ENABLE_STRICT_OBJC_MSGSEND = YES;
				ENABLE_TESTABILITY = YES;
				GCC_C_LANGUAGE_STANDARD = gnu99;
				GCC_DYNAMIC_NO_PIC = NO;
				GCC_NO_COMMON_BLOCKS = YES;
				GCC_OPTIMIZATION_LEVEL = 0;
				GCC_PREPROCESSOR_DEFINITIONS = (
					"DEBUG=1",
					"$(inherited)",
				);
				GCC_WARN_64_TO_32_BIT_CONVERSION = YES;
				GCC_WARN_ABOUT_RETURN_TYPE = YES_ERROR;
				GCC_WARN_UNDECLARED_SELECTOR = YES;
				GCC_WARN_UNINITIALIZED_AUTOS = YES_AGGRESSIVE;
				GCC_WARN_UNUSED_FUNCTION = YES;
				GCC_WARN_UNUSED_VARIABLE = YES;
				IPHONEOS_DEPLOYMENT_TARGET = 10.3;
				MTL_ENABLE_DEBUG_INFO = YES;
				ONLY_ACTIVE_ARCH = YES;
				SDKROOT = iphoneos;
				SWIFT_ACTIVE_COMPILATION_CONDITIONS = DEBUG;
				SWIFT_OPTIMIZATION_LEVEL = "-Onone";
			};
			name = Debug;
		};
		574CF9441F14AB2200121F23 /* Release */ = {
			isa = XCBuildConfiguration;
			buildSettings = {
				ALWAYS_SEARCH_USER_PATHS = NO;
				CLANG_ANALYZER_NONNULL = YES;
				CLANG_ANALYZER_NUMBER_OBJECT_CONVERSION = YES_AGGRESSIVE;
				CLANG_CXX_LANGUAGE_STANDARD = "gnu++0x";
				CLANG_CXX_LIBRARY = "libc++";
				CLANG_ENABLE_MODULES = YES;
				CLANG_ENABLE_OBJC_ARC = YES;
				CLANG_WARN_BOOL_CONVERSION = YES;
				CLANG_WARN_CONSTANT_CONVERSION = YES;
				CLANG_WARN_DIRECT_OBJC_ISA_USAGE = YES_ERROR;
				CLANG_WARN_DOCUMENTATION_COMMENTS = YES;
				CLANG_WARN_EMPTY_BODY = YES;
				CLANG_WARN_ENUM_CONVERSION = YES;
				CLANG_WARN_INFINITE_RECURSION = YES;
				CLANG_WARN_INT_CONVERSION = YES;
				CLANG_WARN_OBJC_ROOT_CLASS = YES_ERROR;
				CLANG_WARN_SUSPICIOUS_MOVE = YES;
				CLANG_WARN_UNREACHABLE_CODE = YES;
				CLANG_WARN__DUPLICATE_METHOD_MATCH = YES;
				"CODE_SIGN_IDENTITY[sdk=iphoneos*]" = "iPhone Developer";
				COPY_PHASE_STRIP = NO;
				DEBUG_INFORMATION_FORMAT = "dwarf-with-dsym";
				ENABLE_NS_ASSERTIONS = NO;
				ENABLE_STRICT_OBJC_MSGSEND = YES;
				GCC_C_LANGUAGE_STANDARD = gnu99;
				GCC_NO_COMMON_BLOCKS = YES;
				GCC_WARN_64_TO_32_BIT_CONVERSION = YES;
				GCC_WARN_ABOUT_RETURN_TYPE = YES_ERROR;
				GCC_WARN_UNDECLARED_SELECTOR = YES;
				GCC_WARN_UNINITIALIZED_AUTOS = YES_AGGRESSIVE;
				GCC_WARN_UNUSED_FUNCTION = YES;
				GCC_WARN_UNUSED_VARIABLE = YES;
				IPHONEOS_DEPLOYMENT_TARGET = 10.3;
				MTL_ENABLE_DEBUG_INFO = NO;
				SDKROOT = iphoneos;
				SWIFT_OPTIMIZATION_LEVEL = "-Owholemodule";
				VALIDATE_PRODUCT = YES;
			};
			name = Release;
		};
		574CF9461F14AB2200121F23 /* Debug */ = {
			isa = XCBuildConfiguration;
			buildSettings = {
				ASSETCATALOG_COMPILER_APPICON_NAME = AppIcon;
				INFOPLIST_FILE = AntExample/Info.plist;
				IPHONEOS_DEPLOYMENT_TARGET = 8.0;
				LD_RUNPATH_SEARCH_PATHS = "$(inherited) @executable_path/Frameworks";
				PRODUCT_BUNDLE_IDENTIFIER = cn.com.Pluto.AntExample;
				PRODUCT_NAME = "$(TARGET_NAME)";
				SWIFT_VERSION = 3.0;
			};
			name = Debug;
		};
		574CF9471F14AB2200121F23 /* Release */ = {
			isa = XCBuildConfiguration;
			buildSettings = {
				ASSETCATALOG_COMPILER_APPICON_NAME = AppIcon;
				INFOPLIST_FILE = AntExample/Info.plist;
				IPHONEOS_DEPLOYMENT_TARGET = 8.0;
				LD_RUNPATH_SEARCH_PATHS = "$(inherited) @executable_path/Frameworks";
				PRODUCT_BUNDLE_IDENTIFIER = cn.com.Pluto.AntExample;
				PRODUCT_NAME = "$(TARGET_NAME)";
				SWIFT_VERSION = 3.0;
			};
			name = Release;
		};
/* End XCBuildConfiguration section */

/* Begin XCConfigurationList section */
		574CF92E1F14AB2200121F23 /* Build configuration list for PBXProject "AntExample" */ = {
			isa = XCConfigurationList;
			buildConfigurations = (
				574CF9431F14AB2200121F23 /* Debug */,
				574CF9441F14AB2200121F23 /* Release */,
			);
			defaultConfigurationIsVisible = 0;
			defaultConfigurationName = Release;
		};
		574CF9451F14AB2200121F23 /* Build configuration list for PBXNativeTarget "AntExample" */ = {
			isa = XCConfigurationList;
			buildConfigurations = (
				574CF9461F14AB2200121F23 /* Debug */,
				574CF9471F14AB2200121F23 /* Release */,
			);
			defaultConfigurationIsVisible = 0;
		};
/* End XCConfigurationList section */
	};
	rootObject = 574CF92B1F14AB2200121F23 /* Project object */;
}
